
Microsoft Visual Studio Solution File, Format Version 12.00
# Visual Studio 15
VisualStudioVersion = 15.0.27004.2010
MinimumVisualStudioVersion = 10.0.40219.1
Project("{888888A0-9F3D-457C-B088-3A5042F75D52}") = "Inlämingsuppgift 2 (DSA)", "Inlämingsuppgift 2 (DSA)\Inlämingsuppgift 2 (DSA).pyproj", "{CF5E7DB1-A22D-4C8F-80F2-81E0D6C2B760}"
EndProject
Global
	GlobalSection(SolutionConfigurationPlatforms) = preSolution
		Debug|Any CPU = Debug|Any CPU
		Release|Any CPU = Release|Any CPU
	EndGlobalSection
	GlobalSection(ProjectConfigurationPlatforms) = postSolution
		{CF5E7DB1-A22D-4C8F-80F2-81E0D6C2B760}.Debug|Any CPU.ActiveCfg = Debug|Any CPU
		{CF5E7DB1-A22D-4C8F-80F2-81E0D6C2B760}.Release|Any CPU.ActiveCfg = Release|Any CPU
	EndGlobalSection
	GlobalSection(SolutionProperties) = preSolution
		HideSolutionNode = FALSE
	EndGlobalSection
	GlobalSection(ExtensibilityGlobals) = postSolution
		SolutionGuid = {18D4B837-D7C5-4C0C-98E7-58DAC7F5CDCB}
	EndGlobalSection
EndGlobal
